
Microsoft Visual Studio Solution File, Format Version 12.00
# Visual Studio Version 16
VisualStudioVersion = 16.0.29424.173
MinimumVisualStudioVersion = 10.0.40219.1
Project("{FAE04EC0-301F-11D3-BF4B-00C04F79EFBC}") = "Mathtastic Voyage", "Mathtastic Voyage\Mathtastic Voyage.csproj", "{F4B459D1-3745-41D7-BE0D-875E2F506964}"
EndProject
Global
	GlobalSection(SolutionConfigurationPlatforms) = preSolution
		Debug|Any CPU = Debug|Any CPU
		Release|Any CPU = Release|Any CPU
	EndGlobalSection
	GlobalSection(ProjectConfigurationPlatforms) = postSolution
		{F4B459D1-3745-41D7-BE0D-875E2F506964}.Debug|Any CPU.ActiveCfg = Debug|Any CPU
		{F4B459D1-3745-41D7-BE0D-875E2F506964}.Debug|Any CPU.Build.0 = Debug|Any CPU
		{F4B459D1-3745-41D7-BE0D-875E2F506964}.Release|Any CPU.ActiveCfg = Release|Any CPU
		{F4B459D1-3745-41D7-BE0D-875E2F506964}.Release|Any CPU.Build.0 = Release|Any CPU
	EndGlobalSection
	GlobalSection(SolutionProperties) = preSolution
		HideSolutionNode = FALSE
	EndGlobalSection
	GlobalSection(ExtensibilityGlobals) = postSolution
		SolutionGuid = {B3300355-4E57-4F5B-9557-5FE75782EBC6}
	EndGlobalSection
EndGlobal
